// !$*UTF8*$!
{
	archiveVersion = 1;
	classes = {
	};
	objectVersion = 77;
	objects = {

/* Begin PBXBuildFile section */
		43AF18F12DBBE288000DDB55 /* FirebaseCore in Frameworks */ = {isa = PBXBuildFile; productRef = 43AF18F02DBBE288000DDB55 /* FirebaseCore */; };
		43AF18F32DBBE5BB000DDB55 /* FirebaseAuth in Frameworks */ = {isa = PBXBuildFile; productRef = 43AF18F22DBBE5BB000DDB55 /* FirebaseAuth */; };
/* End PBXBuildFile section */

/* Begin PBXContainerItemProxy section */
		4360695F2DA7B2D8003FCA07 /* PBXContainerItemProxy */ = {
			isa = PBXContainerItemProxy;
			containerPortal = 436069462DA7B2D2003FCA07 /* Project object */;
			proxyType = 1;
			remoteGlobalIDString = 4360694D2DA7B2D3003FCA07;
			remoteInfo = ThriveTime;
		};
		436069692DA7B2D8003FCA07 /* PBXContainerItemProxy */ = {
			isa = PBXContainerItemProxy;
			containerPortal = 436069462DA7B2D2003FCA07 /* Project object */;
			proxyType = 1;
			remoteGlobalIDString = 4360694D2DA7B2D3003FCA07;
			remoteInfo = ThriveTime;
		};
/* End PBXContainerItemProxy section */

/* Begin PBXFileReference section */
		4360694E2DA7B2D3003FCA07 /* ThriveTime.app */ = {isa = PBXFileReference; explicitFileType = wrapper.application; includeInIndex = 0; path = ThriveTime.app; sourceTree = BUILT_PRODUCTS_DIR; };
		4360695E2DA7B2D8003FCA07 /* ThriveTimeTests.xctest */ = {isa = PBXFileReference; explicitFileType = wrapper.cfbundle; includeInIndex = 0; path = ThriveTimeTests.xctest; sourceTree = BUILT_PRODUCTS_DIR; };
		436069682DA7B2D8003FCA07 /* ThriveTimeUITests.xctest */ = {isa = PBXFileReference; explicitFileType = wrapper.cfbundle; includeInIndex = 0; path = ThriveTimeUITests.xctest; sourceTree = BUILT_PRODUCTS_DIR; };
/* End PBXFileReference section */

/* Begin PBXFileSystemSynchronizedRootGroup section */
		436069502DA7B2D3003FCA07 /* ThriveTime */ = {
			isa = PBXFileSystemSynchronizedRootGroup;
			path = ThriveTime;
			sourceTree = "<group>";
		};
		436069612DA7B2D8003FCA07 /* ThriveTimeTests */ = {
			isa = PBXFileSystemSynchronizedRootGroup;
			path = ThriveTimeTests;
			sourceTree = "<group>";
		};
		4360696B2DA7B2D8003FCA07 /* ThriveTimeUITests */ = {
			isa = PBXFileSystemSynchronizedRootGroup;
			path = ThriveTimeUITests;
			sourceTree = "<group>";
		};
/* End PBXFileSystemSynchronizedRootGroup section */

/* Begin PBXFrameworksBuildPhase section */
		4360694B2DA7B2D3003FCA07 /* Frameworks */ = {
			isa = PBXFrameworksBuildPhase;
			buildActionMask = 2147483647;
			files = (
				43AF18F12DBBE288000DDB55 /* FirebaseCore in Frameworks */,
				43AF18F32DBBE5BB000DDB55 /* FirebaseAuth in Frameworks */,
			);
			runOnlyForDeploymentPostprocessing = 0;
		};
		4360695B2DA7B2D8003FCA07 /* Frameworks */ = {
			isa = PBXFrameworksBuildPhase;
			buildActionMask = 2147483647;
			files = (
			);
			runOnlyForDeploymentPostprocessing = 0;
		};
		436069652DA7B2D8003FCA07 /* Frameworks */ = {
			isa = PBXFrameworksBuildPhase;
			buildActionMask = 2147483647;
			files = (
			);
			runOnlyForDeploymentPostprocessing = 0;
		};
/* End PBXFrameworksBuildPhase section */

/* Begin PBXGroup section */
		436069452DA7B2D2003FCA07 = {
			isa = PBXGroup;
			children = (
				436069502DA7B2D3003FCA07 /* ThriveTime */,
				436069612DA7B2D8003FCA07 /* ThriveTimeTests */,
				4360696B2DA7B2D8003FCA07 /* ThriveTimeUITests */,
				43AF18EF2DBBE288000DDB55 /* Frameworks */,
				4360694F2DA7B2D3003FCA07 /* Products */,
			);
			sourceTree = "<group>";
		};
		4360694F2DA7B2D3003FCA07 /* Products */ = {
			isa = PBXGroup;
			children = (
				4360694E2DA7B2D3003FCA07 /* ThriveTime.app */,
				4360695E2DA7B2D8003FCA07 /* ThriveTimeTests.xctest */,
				436069682DA7B2D8003FCA07 /* ThriveTimeUITests.xctest */,
			);
			name = Products;
			sourceTree = "<group>";
		};
		43AF18EF2DBBE288000DDB55 /* Frameworks */ = {
			isa = PBXGroup;
			children = (
			);
			name = Frameworks;
			sourceTree = "<group>";
		};
/* End PBXGroup section */

/* Begin PBXNativeTarget section */
		4360694D2DA7B2D3003FCA07 /* ThriveTime */ = {
			isa = PBXNativeTarget;
			buildConfigurationList = 436069722DA7B2D8003FCA07 /* Build configuration list for PBXNativeTarget "ThriveTime" */;
			buildPhases = (
				4360694A2DA7B2D3003FCA07 /* Sources */,
				4360694B2DA7B2D3003FCA07 /* Frameworks */,
				4360694C2DA7B2D3003FCA07 /* Resources */,
			);
			buildRules = (
			);
			dependencies = (
			);
			fileSystemSynchronizedGroups = (
				436069502DA7B2D3003FCA07 /* ThriveTime */,
			);
			name = ThriveTime;
			packageProductDependencies = (
				43AF18F02DBBE288000DDB55 /* FirebaseCore */,
				43AF18F22DBBE5BB000DDB55 /* FirebaseAuth */,
			);
			productName = ThriveTime;
			productReference = 4360694E2DA7B2D3003FCA07 /* ThriveTime.app */;
			productType = "com.apple.product-type.application";
		};
		4360695D2DA7B2D8003FCA07 /* ThriveTimeTests */ = {
			isa = PBXNativeTarget;
			buildConfigurationList = 436069752DA7B2D8003FCA07 /* Build configuration list for PBXNativeTarget "ThriveTimeTests" */;
			buildPhases = (
				4360695A2DA7B2D8003FCA07 /* Sources */,
				4360695B2DA7B2D8003FCA07 /* Frameworks */,
				4360695C2DA7B2D8003FCA07 /* Resources */,
			);
			buildRules = (
			);
			dependencies = (
				436069602DA7B2D8003FCA07 /* PBXTargetDependency */,
			);
			fileSystemSynchronizedGroups = (
				436069612DA7B2D8003FCA07 /* ThriveTimeTests */,
			);
			name = ThriveTimeTests;
			packageProductDependencies = (
			);
			productName = ThriveTimeTests;
			productReference = 4360695E2DA7B2D8003FCA07 /* ThriveTimeTests.xctest */;
			productType = "com.apple.product-type.bundle.unit-test";
		};
		436069672DA7B2D8003FCA07 /* ThriveTimeUITests */ = {
			isa = PBXNativeTarget;
			buildConfigurationList = 436069782DA7B2D8003FCA07 /* Build configuration list for PBXNativeTarget "ThriveTimeUITests" */;
			buildPhases = (
				436069642DA7B2D8003FCA07 /* Sources */,
				436069652DA7B2D8003FCA07 /* Frameworks */,
				436069662DA7B2D8003FCA07 /* Resources */,
			);
			buildRules = (
			);
			dependencies = (
				4360696A2DA7B2D8003FCA07 /* PBXTargetDependency */,
			);
			fileSystemSynchronizedGroups = (
				4360696B2DA7B2D8003FCA07 /* ThriveTimeUITests */,
			);
			name = ThriveTimeUITests;
			packageProductDependencies = (
			);
			productName = ThriveTimeUITests;
			productReference = 436069682DA7B2D8003FCA07 /* ThriveTimeUITests.xctest */;
			productType = "com.apple.product-type.bundle.ui-testing";
		};
/* End PBXNativeTarget section */

/* Begin PBXProject section */
		436069462DA7B2D2003FCA07 /* Project object */ = {
			isa = PBXProject;
			attributes = {
				BuildIndependentTargetsInParallel = 1;
				LastSwiftUpdateCheck = 1620;
				LastUpgradeCheck = 1620;
				TargetAttributes = {
					4360694D2DA7B2D3003FCA07 = {
						CreatedOnToolsVersion = 16.2;
					};
					4360695D2DA7B2D8003FCA07 = {
						CreatedOnToolsVersion = 16.2;
						TestTargetID = 4360694D2DA7B2D3003FCA07;
					};
					436069672DA7B2D8003FCA07 = {
						CreatedOnToolsVersion = 16.2;
						TestTargetID = 4360694D2DA7B2D3003FCA07;
					};
				};
			};
			buildConfigurationList = 436069492DA7B2D2003FCA07 /* Build configuration list for PBXProject "ThriveTime" */;
			developmentRegion = en;
			hasScannedForEncodings = 0;
			knownRegions = (
				en,
				Base,
			);
			mainGroup = 436069452DA7B2D2003FCA07;
			minimizedProjectReferenceProxies = 1;
			packageReferences = (
				43AF18EE2DBBDC50000DDB55 /* XCRemoteSwiftPackageReference "firebase-ios-sdk" */,
			);
			preferredProjectObjectVersion = 77;
			productRefGroup = 4360694F2DA7B2D3003FCA07 /* Products */;
			projectDirPath = "";
			projectRoot = "";
			targets = (
				4360694D2DA7B2D3003FCA07 /* ThriveTime */,
				4360695D2DA7B2D8003FCA07 /* ThriveTimeTests */,
				436069672DA7B2D8003FCA07 /* ThriveTimeUITests */,
			);
		};
/* End PBXProject section */

/* Begin PBXResourcesBuildPhase section */
		4360694C2DA7B2D3003FCA07 /* Resources */ = {
			isa = PBXResourcesBuildPhase;
			buildActionMask = 2147483647;
			files = (
			);
			runOnlyForDeploymentPostprocessing = 0;
		};
		4360695C2DA7B2D8003FCA07 /* Resources */ = {
			isa = PBXResourcesBuildPhase;
			buildActionMask = 2147483647;
			files = (
			);
			runOnlyForDeploymentPostprocessing = 0;
		};
		436069662DA7B2D8003FCA07 /* Resources */ = {
			isa = PBXResourcesBuildPhase;
			buildActionMask = 2147483647;
			files = (
			);
			runOnlyForDeploymentPostprocessing = 0;
		};
/* End PBXResourcesBuildPhase section */

/* Begin PBXSourcesBuildPhase section */
		4360694A2DA7B2D3003FCA07 /* Sources */ = {
			isa = PBXSourcesBuildPhase;
			buildActionMask = 2147483647;
			files = (
			);
			runOnlyForDeploymentPostprocessing = 0;
		};
		4360695A2DA7B2D8003FCA07 /* Sources */ = {
			isa = PBXSourcesBuildPhase;
			buildActionMask = 2147483647;
			files = (
			);
			runOnlyForDeploymentPostprocessing = 0;
		};
		436069642DA7B2D8003FCA07 /* Sources */ = {
			isa = PBXSourcesBuildPhase;
			buildActionMask = 2147483647;
			files = (
			);
			runOnlyForDeploymentPostprocessing = 0;
		};
/* End PBXSourcesBuildPhase section */

/* Begin PBXTargetDependency section */
		436069602DA7B2D8003FCA07 /* PBXTargetDependency */ = {
			isa = PBXTargetDependency;
			target = 4360694D2DA7B2D3003FCA07 /* ThriveTime */;
			targetProxy = 4360695F2DA7B2D8003FCA07 /* PBXContainerItemProxy */;
		};
		4360696A2DA7B2D8003FCA07 /* PBXTargetDependency */ = {
			isa = PBXTargetDependency;
			target = 4360694D2DA7B2D3003FCA07 /* ThriveTime */;
			targetProxy = 436069692DA7B2D8003FCA07 /* PBXContainerItemProxy */;
		};
/* End PBXTargetDependency section */

/* Begin XCBuildConfiguration section */
		436069702DA7B2D8003FCA07 /* Debug */ = {
			isa = XCBuildConfiguration;
			buildSettings = {
				ALWAYS_SEARCH_USER_PATHS = NO;
				ASSETCATALOG_COMPILER_GENERATE_SWIFT_ASSET_SYMBOL_EXTENSIONS = YES;
				CLANG_ANALYZER_NONNULL = YES;
				CLANG_ANALYZER_NUMBER_OBJECT_CONVERSION = YES_AGGRESSIVE;
				CLANG_CXX_LANGUAGE_STANDARD = "gnu++20";
				CLANG_ENABLE_MODULES = YES;
				CLANG_ENABLE_OBJC_ARC = YES;
				CLANG_ENABLE_OBJC_WEAK = YES;
				CLANG_WARN_BLOCK_CAPTURE_AUTORELEASING = YES;
				CLANG_WARN_BOOL_CONVERSION = YES;
				CLANG_WARN_COMMA = YES;
				CLANG_WARN_CONSTANT_CONVERSION = YES;
				CLANG_WARN_DEPRECATED_OBJC_IMPLEMENTATIONS = YES;
				CLANG_WARN_DIRECT_OBJC_ISA_USAGE = YES_ERROR;
				CLANG_WARN_DOCUMENTATION_COMMENTS = YES;
				CLANG_WARN_EMPTY_BODY = YES;
				CLANG_WARN_ENUM_CONVERSION = YES;
				CLANG_WARN_INFINITE_RECURSION = YES;
				CLANG_WARN_INT_CONVERSION = YES;
				CLANG_WARN_NON_LITERAL_NULL_CONVERSION = YES;
				CLANG_WARN_OBJC_IMPLICIT_RETAIN_SELF = YES;
				CLANG_WARN_OBJC_LITERAL_CONVERSION = YES;
				CLANG_WARN_OBJC_ROOT_CLASS = YES_ERROR;
				CLANG_WARN_QUOTED_INCLUDE_IN_FRAMEWORK_HEADER = YES;
				CLANG_WARN_RANGE_LOOP_ANALYSIS = YES;
				CLANG_WARN_STRICT_PROTOTYPES = YES;
				CLANG_WARN_SUSPICIOUS_MOVE = YES;
				CLANG_WARN_UNGUARDED_AVAILABILITY = YES_AGGRESSIVE;
				CLANG_WARN_UNREACHABLE_CODE = YES;
				CLANG_WARN__DUPLICATE_METHOD_MATCH = YES;
				COPY_PHASE_STRIP = NO;
				DEBUG_INFORMATION_FORMAT = dwarf;
				ENABLE_STRICT_OBJC_MSGSEND = YES;
				ENABLE_TESTABILITY = YES;
				ENABLE_USER_SCRIPT_SANDBOXING = YES;
				GCC_C_LANGUAGE_STANDARD = gnu17;
				GCC_DYNAMIC_NO_PIC = NO;
				GCC_NO_COMMON_BLOCKS = YES;
				GCC_OPTIMIZATION_LEVEL = 0;
				GCC_PREPROCESSOR_DEFINITIONS = (
					"DEBUG=1",
					"$(inherited)",
				);
				GCC_WARN_64_TO_32_BIT_CONVERSION = YES;
				GCC_WARN_ABOUT_RETURN_TYPE = YES_ERROR;
				GCC_WARN_UNDECLARED_SELECTOR = YES;
				GCC_WARN_UNINITIALIZED_AUTOS = YES_AGGRESSIVE;
				GCC_WARN_UNUSED_FUNCTION = YES;
				GCC_WARN_UNUSED_VARIABLE = YES;
				IPHONEOS_DEPLOYMENT_TARGET = 18.2;
				LOCALIZATION_PREFERS_STRING_CATALOGS = YES;
				MTL_ENABLE_DEBUG_INFO = INCLUDE_SOURCE;
				MTL_FAST_MATH = YES;
				ONLY_ACTIVE_ARCH = YES;
				SDKROOT = iphoneos;
				SWIFT_ACTIVE_COMPILATION_CONDITIONS = "DEBUG $(inherited)";
				SWIFT_OPTIMIZATION_LEVEL = "-Onone";
			};
			name = Debug;
		};
		436069712DA7B2D8003FCA07 /* Release */ = {
			isa = XCBuildConfiguration;
			buildSettings = {
				ALWAYS_SEARCH_USER_PATHS = NO;
				ASSETCATALOG_COMPILER_GENERATE_SWIFT_ASSET_SYMBOL_EXTENSIONS = YES;
				CLANG_ANALYZER_NONNULL = YES;
				CLANG_ANALYZER_NUMBER_OBJECT_CONVERSION = YES_AGGRESSIVE;
				CLANG_CXX_LANGUAGE_STANDARD = "gnu++20";
				CLANG_ENABLE_MODULES = YES;
				CLANG_ENABLE_OBJC_ARC = YES;
				CLANG_ENABLE_OBJC_WEAK = YES;
				CLANG_WARN_BLOCK_CAPTURE_AUTORELEASING = YES;
				CLANG_WARN_BOOL_CONVERSION = YES;
				CLANG_WARN_COMMA = YES;
				CLANG_WARN_CONSTANT_CONVERSION = YES;
				CLANG_WARN_DEPRECATED_OBJC_IMPLEMENTATIONS = YES;
				CLANG_WARN_DIRECT_OBJC_ISA_USAGE = YES_ERROR;
				CLANG_WARN_DOCUMENTATION_COMMENTS = YES;
				CLANG_WARN_EMPTY_BODY = YES;
				CLANG_WARN_ENUM_CONVERSION = YES;
				CLANG_WARN_INFINITE_RECURSION = YES;
				CLANG_WARN_INT_CONVERSION = YES;
				CLANG_WARN_NON_LITERAL_NULL_CONVERSION = YES;
				CLANG_WARN_OBJC_IMPLICIT_RETAIN_SELF = YES;
				CLANG_WARN_OBJC_LITERAL_CONVERSION = YES;
				CLANG_WARN_OBJC_ROOT_CLASS = YES_ERROR;
				CLANG_WARN_QUOTED_INCLUDE_IN_FRAMEWORK_HEADER = YES;
				CLANG_WARN_RANGE_LOOP_ANALYSIS = YES;
				CLANG_WARN_STRICT_PROTOTYPES = YES;
				CLANG_WARN_SUSPICIOUS_MOVE = YES;
				CLANG_WARN_UNGUARDED_AVAILABILITY = YES_AGGRESSIVE;
				CLANG_WARN_UNREACHABLE_CODE = YES;
				CLANG_WARN__DUPLICATE_METHOD_MATCH = YES;
				COPY_PHASE_STRIP = NO;
				DEBUG_INFORMATION_FORMAT = "dwarf-with-dsym";
				ENABLE_NS_ASSERTIONS = NO;
				ENABLE_STRICT_OBJC_MSGSEND = YES;
				ENABLE_USER_SCRIPT_SANDBOXING = YES;
				GCC_C_LANGUAGE_STANDARD = gnu17;
				GCC_NO_COMMON_BLOCKS = YES;
				GCC_WARN_64_TO_32_BIT_CONVERSION = YES;
				GCC_WARN_ABOUT_RETURN_TYPE = YES_ERROR;
				GCC_WARN_UNDECLARED_SELECTOR = YES;
				GCC_WARN_UNINITIALIZED_AUTOS = YES_AGGRESSIVE;
				GCC_WARN_UNUSED_FUNCTION = YES;
				GCC_WARN_UNUSED_VARIABLE = YES;
				IPHONEOS_DEPLOYMENT_TARGET = 18.2;
				LOCALIZATION_PREFERS_STRING_CATALOGS = YES;
				MTL_ENABLE_DEBUG_INFO = NO;
				MTL_FAST_MATH = YES;
				SDKROOT = iphoneos;
				SWIFT_COMPILATION_MODE = wholemodule;
				VALIDATE_PRODUCT = YES;
			};
			name = Release;
		};
		436069732DA7B2D8003FCA07 /* Debug */ = {
			isa = XCBuildConfiguration;
			buildSettings = {
				ASSETCATALOG_COMPILER_APPICON_NAME = AppIcon;
				ASSETCATALOG_COMPILER_GLOBAL_ACCENT_COLOR_NAME = AccentColor;
				CODE_SIGN_STYLE = Automatic;
				CURRENT_PROJECT_VERSION = 1;
				DEVELOPMENT_ASSET_PATHS = "\"ThriveTime/Preview Content\"";
				ENABLE_PREVIEWS = YES;
				GENERATE_INFOPLIST_FILE = YES;
				INFOPLIST_KEY_UIApplicationSceneManifest_Generation = YES;
				INFOPLIST_KEY_UIApplicationSupportsIndirectInputEvents = YES;
				INFOPLIST_KEY_UILaunchScreen_Generation = YES;
				INFOPLIST_KEY_UISupportedInterfaceOrientations_iPad = "UIInterfaceOrientationPortrait UIInterfaceOrientationPortraitUpsideDown UIInterfaceOrientationLandscapeLeft UIInterfaceOrientationLandscapeRight";
				INFOPLIST_KEY_UISupportedInterfaceOrientations_iPhone = "UIInterfaceOrientationPortrait UIInterfaceOrientationLandscapeLeft UIInterfaceOrientationLandscapeRight";
				LD_RUNPATH_SEARCH_PATHS = (
					"$(inherited)",
					"@executable_path/Frameworks",
				);
				MARKETING_VERSION = 1.0;
				PRODUCT_BUNDLE_IDENTIFIER = NIBM.ThriveTime;
				PRODUCT_NAME = "$(TARGET_NAME)";
				SWIFT_EMIT_LOC_STRINGS = YES;
				SWIFT_VERSION = 5.0;
				TARGETED_DEVICE_FAMILY = "1,2";
			};
			name = Debug;
		};
		436069742DA7B2D8003FCA07 /* Release */ = {
			isa = XCBuildConfiguration;
			buildSettings = {
				ASSETCATALOG_COMPILER_APPICON_NAME = AppIcon;
				ASSETCATALOG_COMPILER_GLOBAL_ACCENT_COLOR_NAME = AccentColor;
				CODE_SIGN_STYLE = Automatic;
				CURRENT_PROJECT_VERSION = 1;
				DEVELOPMENT_ASSET_PATHS = "\"ThriveTime/Preview Content\"";
				ENABLE_PREVIEWS = YES;
				GENERATE_INFOPLIST_FILE = YES;
				INFOPLIST_KEY_UIApplicationSceneManifest_Generation = YES;
				INFOPLIST_KEY_UIApplicationSupportsIndirectInputEvents = YES;
				INFOPLIST_KEY_UILaunchScreen_Generation = YES;
				INFOPLIST_KEY_UISupportedInterfaceOrientations_iPad = "UIInterfaceOrientationPortrait UIInterfaceOrientationPortraitUpsideDown UIInterfaceOrientationLandscapeLeft UIInterfaceOrientationLandscapeRight";
				INFOPLIST_KEY_UISupportedInterfaceOrientations_iPhone = "UIInterfaceOrientationPortrait UIInterfaceOrientationLandscapeLeft UIInterfaceOrientationLandscapeRight";
				LD_RUNPATH_SEARCH_PATHS = (
					"$(inherited)",
					"@executable_path/Frameworks",
				);
				MARKETING_VERSION = 1.0;
				PRODUCT_BUNDLE_IDENTIFIER = NIBM.ThriveTime;
				PRODUCT_NAME = "$(TARGET_NAME)";
				SWIFT_EMIT_LOC_STRINGS = YES;
				SWIFT_VERSION = 5.0;
				TARGETED_DEVICE_FAMILY = "1,2";
			};
			name = Release;
		};
		436069762DA7B2D8003FCA07 /* Debug */ = {
			isa = XCBuildConfiguration;
			buildSettings = {
				BUNDLE_LOADER = "$(TEST_HOST)";
				CODE_SIGN_STYLE = Automatic;
				CURRENT_PROJECT_VERSION = 1;
				GENERATE_INFOPLIST_FILE = YES;
				IPHONEOS_DEPLOYMENT_TARGET = 18.2;
				MARKETING_VERSION = 1.0;
				PRODUCT_BUNDLE_IDENTIFIER = NIBM.ThriveTimeTests;
				PRODUCT_NAME = "$(TARGET_NAME)";
				SWIFT_EMIT_LOC_STRINGS = NO;
				SWIFT_VERSION = 5.0;
				TARGETED_DEVICE_FAMILY = "1,2";
				TEST_HOST = "$(BUILT_PRODUCTS_DIR)/ThriveTime.app/$(BUNDLE_EXECUTABLE_FOLDER_PATH)/ThriveTime";
			};
			name = Debug;
		};
		436069772DA7B2D8003FCA07 /* Release */ = {
			isa = XCBuildConfiguration;
			buildSettings = {
				BUNDLE_LOADER = "$(TEST_HOST)";
				CODE_SIGN_STYLE = Automatic;
				CURRENT_PROJECT_VERSION = 1;
				GENERATE_INFOPLIST_FILE = YES;
				IPHONEOS_DEPLOYMENT_TARGET = 18.2;
				MARKETING_VERSION = 1.0;
				PRODUCT_BUNDLE_IDENTIFIER = NIBM.ThriveTimeTests;
				PRODUCT_NAME = "$(TARGET_NAME)";
				SWIFT_EMIT_LOC_STRINGS = NO;
				SWIFT_VERSION = 5.0;
				TARGETED_DEVICE_FAMILY = "1,2";
				TEST_HOST = "$(BUILT_PRODUCTS_DIR)/ThriveTime.app/$(BUNDLE_EXECUTABLE_FOLDER_PATH)/ThriveTime";
			};
			name = Release;
		};
		436069792DA7B2D8003FCA07 /* Debug */ = {
			isa = XCBuildConfiguration;
			buildSettings = {
				CODE_SIGN_STYLE = Automatic;
				CURRENT_PROJECT_VERSION = 1;
				GENERATE_INFOPLIST_FILE = YES;
				MARKETING_VERSION = 1.0;
				PRODUCT_BUNDLE_IDENTIFIER = NIBM.ThriveTimeUITests;
				PRODUCT_NAME = "$(TARGET_NAME)";
				SWIFT_EMIT_LOC_STRINGS = NO;
				SWIFT_VERSION = 5.0;
				TARGETED_DEVICE_FAMILY = "1,2";
				TEST_TARGET_NAME = ThriveTime;
			};
			name = Debug;
		};
		4360697A2DA7B2D8003FCA07 /* Release */ = {
			isa = XCBuildConfiguration;
			buildSettings = {
				CODE_SIGN_STYLE = Automatic;
				CURRENT_PROJECT_VERSION = 1;
				GENERATE_INFOPLIST_FILE = YES;
				MARKETING_VERSION = 1.0;
				PRODUCT_BUNDLE_IDENTIFIER = NIBM.ThriveTimeUITests;
				PRODUCT_NAME = "$(TARGET_NAME)";
				SWIFT_EMIT_LOC_STRINGS = NO;
				SWIFT_VERSION = 5.0;
				TARGETED_DEVICE_FAMILY = "1,2";
				TEST_TARGET_NAME = ThriveTime;
			};
			name = Release;
		};
/* End XCBuildConfiguration section */

/* Begin XCConfigurationList section */
		436069492DA7B2D2003FCA07 /* Build configuration list for PBXProject "ThriveTime" */ = {
			isa = XCConfigurationList;
			buildConfigurations = (
				436069702DA7B2D8003FCA07 /* Debug */,
				436069712DA7B2D8003FCA07 /* Release */,
			);
			defaultConfigurationIsVisible = 0;
			defaultConfigurationName = Release;
		};
		436069722DA7B2D8003FCA07 /* Build configuration list for PBXNativeTarget "ThriveTime" */ = {
			isa = XCConfigurationList;
			buildConfigurations = (
				436069732DA7B2D8003FCA07 /* Debug */,
				436069742DA7B2D8003FCA07 /* Release */,
			);
			defaultConfigurationIsVisible = 0;
			defaultConfigurationName = Release;
		};
		436069752DA7B2D8003FCA07 /* Build configuration list for PBXNativeTarget "ThriveTimeTests" */ = {
			isa = XCConfigurationList;
			buildConfigurations = (
				436069762DA7B2D8003FCA07 /* Debug */,
				436069772DA7B2D8003FCA07 /* Release */,
			);
			defaultConfigurationIsVisible = 0;
			defaultConfigurationName = Release;
		};
		436069782DA7B2D8003FCA07 /* Build configuration list for PBXNativeTarget "ThriveTimeUITests" */ = {
			isa = XCConfigurationList;
			buildConfigurations = (
				436069792DA7B2D8003FCA07 /* Debug */,
				4360697A2DA7B2D8003FCA07 /* Release */,
			);
			defaultConfigurationIsVisible = 0;
			defaultConfigurationName = Release;
		};
/* End XCConfigurationList section */

/* Begin XCRemoteSwiftPackageReference section */
		43AF18EE2DBBDC50000DDB55 /* XCRemoteSwiftPackageReference "firebase-ios-sdk" */ = {
			isa = XCRemoteSwiftPackageReference;
			repositoryURL = "https://github.com/firebase/firebase-ios-sdk";
			requirement = {
				kind = upToNextMajorVersion;
				minimumVersion = 11.12.0;
			};
		};
/* End XCRemoteSwiftPackageReference section */

/* Begin XCSwiftPackageProductDependency section */
		43AF18F02DBBE288000DDB55 /* FirebaseCore */ = {
			isa = XCSwiftPackageProductDependency;
			package = 43AF18EE2DBBDC50000DDB55 /* XCRemoteSwiftPackageReference "firebase-ios-sdk" */;
			productName = FirebaseCore;
		};
		43AF18F22DBBE5BB000DDB55 /* FirebaseAuth */ = {
			isa = XCSwiftPackageProductDependency;
			package = 43AF18EE2DBBDC50000DDB55 /* XCRemoteSwiftPackageReference "firebase-ios-sdk" */;
			productName = FirebaseAuth;
		};
/* End XCSwiftPackageProductDependency section */
	};
	rootObject = 436069462DA7B2D2003FCA07 /* Project object */;
}
